
Microsoft Visual Studio Solution File, Format Version 12.00
# Visual Studio Version 17
VisualStudioVersion = 17.0.31912.275
MinimumVisualStudioVersion = 10.0.40219.1
Project("{9A19103F-16F7-4668-BE54-9A1E7A4F7556}") = "Foreman.Client", "Foreman\Client\Foreman.Client.csproj", "{B7E2833C-ABB9-4AF4-8A5F-1001E91B731F}"
EndProject
Project("{9A19103F-16F7-4668-BE54-9A1E7A4F7556}") = "Foreman.Server", "Foreman\Server\Foreman.Server.csproj", "{19DDBD28-78BF-4367-99AB-51AFF14F972A}"
EndProject
Project("{9A19103F-16F7-4668-BE54-9A1E7A4F7556}") = "Foreman.Shared", "Foreman\Shared\Foreman.Shared.csproj", "{EB7080F0-DACA-4746-8576-844E5FEE34DC}"
EndProject
Project("{9A19103F-16F7-4668-BE54-9A1E7A4F7556}") = "Foreman.PluginManager", "Foreman.PluginManager\Foreman.PluginManager.csproj", "{9D30FA9F-3D12-4C94-BDE2-219354B62CB5}"
EndProject
Project("{9A19103F-16F7-4668-BE54-9A1E7A4F7556}") = "DisplayedText", "DisplayedText\DisplayedText.csproj", "{17A703D5-740B-49C6-ACB1-CE3E3A264031}"
EndProject
Project("{9A19103F-16F7-4668-BE54-9A1E7A4F7556}") = "FilePlugin", "FilePlugin\FilePlugin.csproj", "{59DC41BE-8616-4D0C-8449-687234BED451}"
EndProject
Global
	GlobalSection(SolutionConfigurationPlatforms) = preSolution
		Debug|Any CPU = Debug|Any CPU
		Release|Any CPU = Release|Any CPU
	EndGlobalSection
	GlobalSection(ProjectConfigurationPlatforms) = postSolution
		{B7E2833C-ABB9-4AF4-8A5F-1001E91B731F}.Debug|Any CPU.ActiveCfg = Debug|Any CPU
		{B7E2833C-ABB9-4AF4-8A5F-1001E91B731F}.Debug|Any CPU.Build.0 = Debug|Any CPU
		{B7E2833C-ABB9-4AF4-8A5F-1001E91B731F}.Release|Any CPU.ActiveCfg = Release|Any CPU
		{B7E2833C-ABB9-4AF4-8A5F-1001E91B731F}.Release|Any CPU.Build.0 = Release|Any CPU
		{19DDBD28-78BF-4367-99AB-51AFF14F972A}.Debug|Any CPU.ActiveCfg = Debug|Any CPU
		{19DDBD28-78BF-4367-99AB-51AFF14F972A}.Debug|Any CPU.Build.0 = Debug|Any CPU
		{19DDBD28-78BF-4367-99AB-51AFF14F972A}.Release|Any CPU.ActiveCfg = Release|Any CPU
		{19DDBD28-78BF-4367-99AB-51AFF14F972A}.Release|Any CPU.Build.0 = Release|Any CPU
		{EB7080F0-DACA-4746-8576-844E5FEE34DC}.Debug|Any CPU.ActiveCfg = Debug|Any CPU
		{EB7080F0-DACA-4746-8576-844E5FEE34DC}.Debug|Any CPU.Build.0 = Debug|Any CPU
		{EB7080F0-DACA-4746-8576-844E5FEE34DC}.Release|Any CPU.ActiveCfg = Release|Any CPU
		{EB7080F0-DACA-4746-8576-844E5FEE34DC}.Release|Any CPU.Build.0 = Release|Any CPU
		{9D30FA9F-3D12-4C94-BDE2-219354B62CB5}.Debug|Any CPU.ActiveCfg = Debug|Any CPU
		{9D30FA9F-3D12-4C94-BDE2-219354B62CB5}.Debug|Any CPU.Build.0 = Debug|Any CPU
		{9D30FA9F-3D12-4C94-BDE2-219354B62CB5}.Release|Any CPU.ActiveCfg = Release|Any CPU
		{9D30FA9F-3D12-4C94-BDE2-219354B62CB5}.Release|Any CPU.Build.0 = Release|Any CPU
		{17A703D5-740B-49C6-ACB1-CE3E3A264031}.Debug|Any CPU.ActiveCfg = Debug|Any CPU
		{17A703D5-740B-49C6-ACB1-CE3E3A264031}.Debug|Any CPU.Build.0 = Debug|Any CPU
		{17A703D5-740B-49C6-ACB1-CE3E3A264031}.Release|Any CPU.ActiveCfg = Release|Any CPU
		{17A703D5-740B-49C6-ACB1-CE3E3A264031}.Release|Any CPU.Build.0 = Release|Any CPU
		{59DC41BE-8616-4D0C-8449-687234BED451}.Debug|Any CPU.ActiveCfg = Debug|Any CPU
		{59DC41BE-8616-4D0C-8449-687234BED451}.Debug|Any CPU.Build.0 = Debug|Any CPU
		{59DC41BE-8616-4D0C-8449-687234BED451}.Release|Any CPU.ActiveCfg = Release|Any CPU
		{59DC41BE-8616-4D0C-8449-687234BED451}.Release|Any CPU.Build.0 = Release|Any CPU
	EndGlobalSection
	GlobalSection(SolutionProperties) = preSolution
		HideSolutionNode = FALSE
	EndGlobalSection
	GlobalSection(ExtensibilityGlobals) = postSolution
		SolutionGuid = {DBA928D4-478C-4E38-A960-67880D5A9FE1}
	EndGlobalSection
EndGlobal
